# This file is automatically @generated by Cargo.
# It is not intended for manual editing.
version = 3

[[package]]
name = "addr2line"
version = "0.15.2"
source = "registry+https://github.com/rust-lang/crates.io-index"
checksum = "e7a2e47a1fbe209ee101dd6d61285226744c6c8d3c21c8dc878ba6cb9f467f3a"
dependencies = [
 "gimli",
]

[[package]]
name = "address-provider"
version = "0.1.0"
dependencies = [
 "cosmwasm-bignumber 2.1.1",
 "cosmwasm-schema 0.15.2",
 "cosmwasm-std 0.15.2",
 "cosmwasm-storage 0.15.2",
 "cw-storage-plus",
 "cw20 0.7.0",
 "mars",
 "schemars 0.8.3",
 "serde",
 "snafu",
 "terra-cosmwasm 2.1.0",
 "terraswap",
 "thiserror",
]

[[package]]
name = "adler"
version = "1.0.2"
source = "registry+https://github.com/rust-lang/crates.io-index"
checksum = "f26201604c87b1e01bd3d98f8d5d9a8fcbb815e8cedb41ffccbeb4bf593a35fe"

[[package]]
name = "autocfg"
version = "1.0.1"
source = "registry+https://github.com/rust-lang/crates.io-index"
checksum = "cdb031dd78e28731d87d56cc8ffef4a8f36ca26c38fe2de700543e627f8a464a"

[[package]]
name = "backtrace"
version = "0.3.60"
source = "registry+https://github.com/rust-lang/crates.io-index"
checksum = "b7815ea54e4d821e791162e078acbebfd6d8c8939cd559c9335dceb1c8ca7282"
dependencies = [
 "addr2line",
 "cc",
 "cfg-if",
 "libc",
 "miniz_oxide",
 "object",
 "rustc-demangle",
]

[[package]]
name = "base64"
version = "0.11.0"
source = "registry+https://github.com/rust-lang/crates.io-index"
checksum = "b41b7ea54a0c9d92199de89e20e58d49f02f8e699814ef3fdf266f6f748d15c7"

[[package]]
name = "base64"
version = "0.13.0"
source = "registry+https://github.com/rust-lang/crates.io-index"
checksum = "904dfeac50f3cdaba28fc6f57fdcddb75f49ed61346676a78c4ffe55877802fd"

[[package]]
name = "bigint"
version = "4.4.3"
source = "registry+https://github.com/rust-lang/crates.io-index"
checksum = "c0e8c8a600052b52482eff2cf4d810e462fdff1f656ac1ecb6232132a1ed7def"
dependencies = [
 "byteorder",
 "crunchy 0.1.6",
]

[[package]]
name = "bitvec"
version = "0.18.5"
source = "registry+https://github.com/rust-lang/crates.io-index"
checksum = "98fcd36dda4e17b7d7abc64cb549bf0201f4ab71e00700c798ca7e62ed3761fa"
dependencies = [
 "funty",
 "radium",
 "wyz",
]

[[package]]
name = "block-buffer"
version = "0.9.0"
source = "registry+https://github.com/rust-lang/crates.io-index"
checksum = "4152116fd6e9dadb291ae18fc1ec3575ed6d84c29642d97890f4b4a3417297e4"
dependencies = [
 "generic-array",
]

[[package]]
name = "byteorder"
version = "1.4.3"
source = "registry+https://github.com/rust-lang/crates.io-index"
checksum = "14c189c53d098945499cdfa7ecc63567cf3886b3332b312a5b4585d8d3a6a610"

[[package]]
name = "cc"
version = "1.0.69"
source = "registry+https://github.com/rust-lang/crates.io-index"
checksum = "e70cc2f62c6ce1868963827bd677764c62d07c3d9a3e1fb1177ee1a9ab199eb2"

[[package]]
name = "cfg-if"
version = "1.0.0"
source = "registry+https://github.com/rust-lang/crates.io-index"
checksum = "baf1de4339761588bc0619e3cbc0120ee582ebb74b53b4efbf79117bd2da40fd"

[[package]]
name = "const-oid"
version = "0.4.5"
source = "registry+https://github.com/rust-lang/crates.io-index"
checksum = "9f6b64db6932c7e49332728e3a6bd82c6b7e16016607d20923b537c3bc4c0d5f"

[[package]]
name = "cosmwasm-bignumber"
version = "1.0.0"
source = "registry+https://github.com/rust-lang/crates.io-index"
checksum = "ef9f9dd6522baab191620bc7505f28992bb7cd3394635bca20301d93eed5af4f"
dependencies = [
 "bigint",
 "cosmwasm-std 0.10.1",
 "schemars 0.7.6",
 "serde",
]

[[package]]
name = "cosmwasm-bignumber"
version = "2.1.1"
source = "registry+https://github.com/rust-lang/crates.io-index"
checksum = "ede44333758d24b2bcdeda08d8b3b9ddd8ea22d8e9b045a12a3bfeb1dbfdea06"
dependencies = [
 "bigint",
 "cosmwasm-std 0.15.2",
 "schemars 0.8.3",
 "serde",
]

[[package]]
name = "cosmwasm-crypto"
version = "0.15.2"
source = "registry+https://github.com/rust-lang/crates.io-index"
checksum = "c0bda54a90e2c523ca4b714c285adb54c326253db88f044862a03d049b569fda"
dependencies = [
 "digest",
 "ed25519-zebra",
 "k256",
 "rand_core",
 "thiserror",
]

[[package]]
name = "cosmwasm-derive"
version = "0.15.2"
source = "registry+https://github.com/rust-lang/crates.io-index"
checksum = "72a75b12aee6d4b38c5da26bdcdccc22d7730e6ac7edf194ecfde1f782b9d568"
dependencies = [
 "syn",
]

[[package]]
name = "cosmwasm-schema"
version = "0.10.1"
source = "registry+https://github.com/rust-lang/crates.io-index"
checksum = "2196586ea197eaa21129d09c84a19e2eb80bdce239eec8e6a4f108cb644c295f"
dependencies = [
 "schemars 0.7.6",
 "serde_json",
]

[[package]]
name = "cosmwasm-schema"
version = "0.15.2"
source = "registry+https://github.com/rust-lang/crates.io-index"
checksum = "8b1ac8b1e0204459985886f034cbf241d2f9e6d5d1cb8c8d8ef3e082a147d0e5"
dependencies = [
 "schemars 0.8.3",
 "serde_json",
]

[[package]]
name = "cosmwasm-std"
version = "0.10.1"
source = "registry+https://github.com/rust-lang/crates.io-index"
checksum = "f85908a2696117c8f2c1b3ce201d34a1aa9a6b3c1583a65cfb794ec66e1cfde4"
dependencies = [
 "base64 0.11.0",
 "schemars 0.7.6",
 "serde",
 "serde-json-wasm 0.2.3",
 "snafu",
]

[[package]]
name = "cosmwasm-std"
version = "0.15.2"
source = "registry+https://github.com/rust-lang/crates.io-index"
checksum = "b234bd12486326fef39a2d7bce098cf8a26c96c4f17181d937c131b84892a013"
dependencies = [
 "base64 0.13.0",
 "cosmwasm-crypto",
 "cosmwasm-derive",
 "schemars 0.8.3",
 "serde",
 "serde-json-wasm 0.3.1",
 "thiserror",
 "uint",
]

[[package]]
name = "cosmwasm-storage"
version = "0.10.1"
source = "registry+https://github.com/rust-lang/crates.io-index"
checksum = "e103531a2ce636e86b7639cec25d348c4d360832ab8e0e7f9a6e00f08aac1379"
dependencies = [
 "cosmwasm-std 0.10.1",
 "serde",
]

[[package]]
name = "cosmwasm-storage"
version = "0.15.2"
source = "registry+https://github.com/rust-lang/crates.io-index"
checksum = "a256b40efc34769435e328b531e2440327305090a19f4bd2194d374b0986db6f"
dependencies = [
 "cosmwasm-std 0.15.2",
 "serde",
]

[[package]]
name = "council"
version = "0.1.0"
dependencies = [
 "cosmwasm-schema 0.15.2",
 "cosmwasm-std 0.15.2",
 "cosmwasm-storage 0.15.2",
 "cw-storage-plus",
 "cw20 0.7.0",
 "mars",
 "schemars 0.8.3",
 "serde",
 "snafu",
 "thiserror",
]

[[package]]
name = "cpufeatures"
version = "0.1.5"
source = "registry+https://github.com/rust-lang/crates.io-index"
checksum = "66c99696f6c9dd7f35d486b9d04d7e6e202aa3e8c40d553f2fdf5e7e0c6a71ef"
dependencies = [
 "libc",
]

[[package]]
name = "crunchy"
version = "0.1.6"
source = "registry+https://github.com/rust-lang/crates.io-index"
checksum = "a2f4a431c5c9f662e1200b7c7f02c34e91361150e382089a8f2dec3ba680cbda"

[[package]]
name = "crunchy"
version = "0.2.2"
source = "registry+https://github.com/rust-lang/crates.io-index"
checksum = "7a81dae078cea95a014a339291cec439d2f232ebe854a9d672b796c6afafa9b7"

[[package]]
name = "crypto-mac"
version = "0.10.1"
source = "registry+https://github.com/rust-lang/crates.io-index"
checksum = "bff07008ec701e8028e2ceb8f83f0e4274ee62bd2dbdc4fefff2e9a91824081a"
dependencies = [
 "generic-array",
 "subtle",
]

[[package]]
name = "curve25519-dalek"
version = "3.1.0"
source = "registry+https://github.com/rust-lang/crates.io-index"
checksum = "639891fde0dbea823fc3d798a0fdf9d2f9440a42d64a78ab3488b0ca025117b3"
dependencies = [
 "byteorder",
 "digest",
 "rand_core",
 "subtle",
 "zeroize",
]

[[package]]
name = "cw-storage-plus"
version = "0.7.0"
source = "registry+https://github.com/rust-lang/crates.io-index"
checksum = "62b1ea5dd8d8cc57e52190d7c69ade5383d3c37291abab3917dafce77b75ced5"
dependencies = [
 "cosmwasm-std 0.15.2",
 "schemars 0.8.3",
 "serde",
]

[[package]]
name = "cw0"
version = "0.2.3"
source = "registry+https://github.com/rust-lang/crates.io-index"
checksum = "b469bb5d63a036339cbb3042fb1254016b5d4889b15f420fea1c1339497b19de"
dependencies = [
 "cosmwasm-std 0.10.1",
 "schemars 0.7.6",
 "serde",
]

[[package]]
name = "cw0"
version = "0.7.0"
source = "registry+https://github.com/rust-lang/crates.io-index"
checksum = "c7ebb9db14a7e5f3e728e365153b94f6cbde66852acbf47c897a5d6e647737f9"
dependencies = [
 "cosmwasm-std 0.15.2",
 "schemars 0.8.3",
 "serde",
 "thiserror",
]

[[package]]
name = "cw2"
version = "0.2.3"
source = "registry+https://github.com/rust-lang/crates.io-index"
checksum = "a1a5dd960277ae9180e0077fcc8769928da2d9c1c42cc8c8c734c625c6f2a90b"
dependencies = [
 "cosmwasm-std 0.10.1",
 "cosmwasm-storage 0.10.1",
 "schemars 0.7.6",
 "serde",
]

[[package]]
name = "cw20"
version = "0.2.3"
source = "registry+https://github.com/rust-lang/crates.io-index"
checksum = "ffd85ddcac2bf5c1899dd13e52985d260dae02db21a618d9d4c2c36dab63a915"
dependencies = [
 "cosmwasm-std 0.10.1",
 "cw0 0.2.3",
 "schemars 0.7.6",
 "serde",
]

[[package]]
name = "cw20"
version = "0.7.0"
source = "registry+https://github.com/rust-lang/crates.io-index"
checksum = "2499fb5a5446cf4c54c59639e15e3d6fb5994e160068e020ad9774d37f2776e8"
dependencies = [
 "cosmwasm-std 0.15.2",
 "cw0 0.7.0",
 "schemars 0.8.3",
 "serde",
]

[[package]]
name = "cw20-base"
version = "0.2.3"
source = "registry+https://github.com/rust-lang/crates.io-index"
checksum = "6c09657718df5243810b10d49359a352eed197966f578366624198fe1740fb52"
dependencies = [
 "cosmwasm-std 0.10.1",
 "cosmwasm-storage 0.10.1",
 "cw0 0.2.3",
 "cw2",
 "cw20 0.2.3",
 "schemars 0.7.6",
 "serde",
 "snafu",
]

[[package]]
name = "cw20-token"
version = "0.1.0"
dependencies = [
 "cosmwasm-schema 0.10.1",
 "cosmwasm-std 0.10.1",
 "cosmwasm-storage 0.10.1",
 "cw2",
 "cw20 0.2.3",
 "cw20-base",
 "mars",
 "schemars 0.7.6",
 "serde",
 "snafu",
]

[[package]]
name = "der"
version = "0.1.0"
source = "registry+https://github.com/rust-lang/crates.io-index"
checksum = "51f59c66c30bb7445c8320a5f9233e437e3572368099f25532a59054328899b4"
dependencies = [
 "const-oid",
]

[[package]]
name = "digest"
version = "0.9.0"
source = "registry+https://github.com/rust-lang/crates.io-index"
checksum = "d3dd60d1080a57a05ab032377049e0591415d2b31afd7028356dbf3cc6dcb066"
dependencies = [
 "generic-array",
]

[[package]]
name = "doc-comment"
version = "0.3.3"
source = "registry+https://github.com/rust-lang/crates.io-index"
checksum = "fea41bba32d969b513997752735605054bc0dfa92b4c56bf1189f2e174be7a10"

[[package]]
name = "dyn-clone"
version = "1.0.4"
source = "registry+https://github.com/rust-lang/crates.io-index"
checksum = "ee2626afccd7561a06cf1367e2950c4718ea04565e20fb5029b6c7d8ad09abcf"

[[package]]
name = "ecdsa"
version = "0.10.2"
source = "registry+https://github.com/rust-lang/crates.io-index"
checksum = "41fbdb4ff710acb4db8ca29f93b897529ea6d6a45626d5183b47e012aa6ae7e4"
dependencies = [
 "elliptic-curve",
 "hmac",
 "signature",
]

[[package]]
name = "ed25519-zebra"
version = "2.2.0"
source = "registry+https://github.com/rust-lang/crates.io-index"
checksum = "0a128b76af6dd4b427e34a6fd43dc78dbfe73672ec41ff615a2414c1a0ad0409"
dependencies = [
 "curve25519-dalek",
 "hex",
 "rand_core",
 "serde",
 "sha2",
 "thiserror",
]

[[package]]
name = "elliptic-curve"
version = "0.8.5"
source = "registry+https://github.com/rust-lang/crates.io-index"
checksum = "f2db227e61a43a34915680bdda462ec0e212095518020a88a1f91acd16092c39"
dependencies = [
 "bitvec",
 "digest",
 "ff",
 "funty",
 "generic-array",
 "group",
 "pkcs8",
 "rand_core",
 "subtle",
 "zeroize",
]

[[package]]
name = "ff"
version = "0.8.0"
source = "registry+https://github.com/rust-lang/crates.io-index"
checksum = "01646e077d4ebda82b73f1bca002ea1e91561a77df2431a9e79729bcc31950ef"
dependencies = [
 "bitvec",
 "rand_core",
 "subtle",
]

[[package]]
name = "funty"
version = "1.1.0"
source = "registry+https://github.com/rust-lang/crates.io-index"
checksum = "fed34cd105917e91daa4da6b3728c47b068749d6a62c59811f06ed2ac71d9da7"

[[package]]
name = "generic-array"
version = "0.14.4"
source = "registry+https://github.com/rust-lang/crates.io-index"
checksum = "501466ecc8a30d1d3b7fc9229b122b2ce8ed6e9d9223f1138d4babb253e51817"
dependencies = [
 "typenum",
 "version_check",
]

[[package]]
name = "getrandom"
version = "0.1.16"
source = "registry+https://github.com/rust-lang/crates.io-index"
checksum = "8fc3cb4d91f53b50155bdcfd23f6a4c39ae1969c2ae85982b135750cccaf5fce"
dependencies = [
 "cfg-if",
 "libc",
 "wasi",
]

[[package]]
name = "gimli"
version = "0.24.0"
source = "registry+https://github.com/rust-lang/crates.io-index"
checksum = "0e4075386626662786ddb0ec9081e7c7eeb1ba31951f447ca780ef9f5d568189"

[[package]]
name = "group"
version = "0.8.0"
source = "registry+https://github.com/rust-lang/crates.io-index"
checksum = "cc11f9f5fbf1943b48ae7c2bf6846e7d827a512d1be4f23af708f5ca5d01dde1"
dependencies = [
 "ff",
 "rand_core",
 "subtle",
]

[[package]]
name = "hex"
version = "0.4.3"
source = "registry+https://github.com/rust-lang/crates.io-index"
checksum = "7f24254aa9a54b5c858eaee2f5bccdb46aaf0e486a595ed5fd8f86ba55232a70"

[[package]]
name = "hmac"
version = "0.10.1"
source = "registry+https://github.com/rust-lang/crates.io-index"
checksum = "c1441c6b1e930e2817404b5046f1f989899143a12bf92de603b69f4e0aee1e15"
dependencies = [
 "crypto-mac",
 "digest",
]

[[package]]
name = "incentives"
version = "0.1.0"
dependencies = [
 "cosmwasm-schema 0.15.2",
 "cosmwasm-std 0.15.2",
 "cosmwasm-storage 0.15.2",
 "cw-storage-plus",
 "cw20 0.7.0",
 "mars",
 "schemars 0.8.3",
 "serde",
 "snafu",
 "terra-cosmwasm 2.1.0",
 "thiserror",
]

[[package]]
name = "insurance-fund"
version = "0.1.0"
dependencies = [
 "cosmwasm-bignumber 2.1.1",
 "cosmwasm-schema 0.15.2",
 "cosmwasm-std 0.15.2",
 "cosmwasm-storage 0.15.2",
 "cw-storage-plus",
 "cw20 0.7.0",
 "mars",
 "schemars 0.8.3",
 "serde",
 "snafu",
 "terra-cosmwasm 2.1.0",
 "terraswap",
]

[[package]]
name = "itoa"
version = "0.4.7"
source = "registry+https://github.com/rust-lang/crates.io-index"
checksum = "dd25036021b0de88a0aff6b850051563c6516d0bf53f8638938edbb9de732736"

[[package]]
name = "k256"
version = "0.7.3"
source = "registry+https://github.com/rust-lang/crates.io-index"
checksum = "4476a0808212a9e81ce802eb1a0cfc60e73aea296553bacc0fac7e1268bc572a"
dependencies = [
 "cfg-if",
 "ecdsa",
 "elliptic-curve",
 "sha2",
]

[[package]]
name = "libc"
version = "0.2.98"
source = "registry+https://github.com/rust-lang/crates.io-index"
checksum = "320cfe77175da3a483efed4bc0adc1968ca050b098ce4f2f1c13a56626128790"

[[package]]
name = "ma-token"
version = "0.2.0"
dependencies = [
 "cosmwasm-schema 0.10.1",
 "cosmwasm-std 0.10.1",
 "cosmwasm-storage 0.10.1",
 "cw0 0.2.3",
 "cw2",
 "cw20 0.2.3",
 "mars",
 "schemars 0.7.6",
 "serde",
 "snafu",
]

[[package]]
name = "mars"
version = "0.1.0"
dependencies = [
 "cosmwasm-bignumber 2.1.1",
 "cosmwasm-std 0.15.2",
 "cosmwasm-storage 0.15.2",
 "cw20 0.7.0",
 "schemars 0.8.3",
 "serde",
 "terra-cosmwasm 2.1.0",
 "terraswap",
 "thiserror",
]

[[package]]
name = "memchr"
version = "2.4.0"
source = "registry+https://github.com/rust-lang/crates.io-index"
checksum = "b16bd47d9e329435e309c58469fe0791c2d0d1ba96ec0954152a5ae2b04387dc"

[[package]]
name = "miniz_oxide"
version = "0.4.4"
source = "registry+https://github.com/rust-lang/crates.io-index"
checksum = "a92518e98c078586bc6c934028adcca4c92a53d6a958196de835170a01d84e4b"
dependencies = [
 "adler",
 "autocfg",
]

[[package]]
name = "object"
version = "0.25.3"
source = "registry+https://github.com/rust-lang/crates.io-index"
checksum = "a38f2be3697a57b4060074ff41b44c16870d916ad7877c17696e063257482bc7"
dependencies = [
 "memchr",
]

[[package]]
name = "opaque-debug"
version = "0.3.0"
source = "registry+https://github.com/rust-lang/crates.io-index"
checksum = "624a8340c38c1b80fd549087862da4ba43e08858af025b236e509b6649fc13d5"

[[package]]
name = "pkcs8"
version = "0.3.3"
source = "registry+https://github.com/rust-lang/crates.io-index"
checksum = "b4839a901843f3942576e65857f0ebf2e190ef7024d3c62a94099ba3f819ad1d"
dependencies = [
 "der",
]

[[package]]
name = "proc-macro2"
version = "1.0.27"
source = "registry+https://github.com/rust-lang/crates.io-index"
checksum = "f0d8caf72986c1a598726adc988bb5984792ef84f5ee5aa50209145ee8077038"
dependencies = [
 "unicode-xid",
]

[[package]]
name = "quote"
version = "1.0.9"
source = "registry+https://github.com/rust-lang/crates.io-index"
checksum = "c3d0b9745dc2debf507c8422de05d7226cc1f0644216dfdfead988f9b1ab32a7"
dependencies = [
 "proc-macro2",
]

[[package]]
name = "radium"
version = "0.3.0"
source = "registry+https://github.com/rust-lang/crates.io-index"
checksum = "def50a86306165861203e7f84ecffbbdfdea79f0e51039b33de1e952358c47ac"

[[package]]
name = "rand_core"
version = "0.5.1"
source = "registry+https://github.com/rust-lang/crates.io-index"
checksum = "90bde5296fc891b0cef12a6d03ddccc162ce7b2aff54160af9338f8d40df6d19"
dependencies = [
 "getrandom",
]

[[package]]
name = "red-bank"
version = "0.1.0"
dependencies = [
 "cosmwasm-bignumber 1.0.0",
 "cosmwasm-schema 0.10.1",
 "cosmwasm-std 0.10.1",
 "cosmwasm-storage 0.10.1",
 "cw20 0.2.3",
 "mars",
 "schemars 0.7.6",
 "serde",
 "snafu",
 "terra-cosmwasm 1.2.4",
]

[[package]]
name = "rustc-demangle"
version = "0.1.20"
source = "registry+https://github.com/rust-lang/crates.io-index"
checksum = "dead70b0b5e03e9c814bcb6b01e03e68f7c57a80aa48c72ec92152ab3e818d49"

[[package]]
name = "ryu"
version = "1.0.5"
source = "registry+https://github.com/rust-lang/crates.io-index"
checksum = "71d301d4193d031abdd79ff7e3dd721168a9572ef3fe51a1517aba235bd8f86e"

[[package]]
name = "schemars"
version = "0.7.6"
source = "registry+https://github.com/rust-lang/crates.io-index"
checksum = "be77ed66abed6954aabf6a3e31a84706bedbf93750d267e92ef4a6d90bbd6a61"
dependencies = [
 "schemars_derive 0.7.6",
 "serde",
 "serde_json",
]

[[package]]
name = "schemars"
version = "0.8.3"
source = "registry+https://github.com/rust-lang/crates.io-index"
checksum = "bc6ab463ae35acccb5cba66c0084c985257b797d288b6050cc2f6ac1b266cb78"
dependencies = [
 "dyn-clone",
 "schemars_derive 0.8.3",
 "serde",
 "serde_json",
]

[[package]]
name = "schemars_derive"
version = "0.7.6"
source = "registry+https://github.com/rust-lang/crates.io-index"
checksum = "11af7a475c9ee266cfaa9e303a47c830ebe072bf3101ab907a7b7b9d816fa01d"
dependencies = [
 "proc-macro2",
 "quote",
 "serde_derive_internals",
 "syn",
]

[[package]]
name = "schemars_derive"
version = "0.8.3"
source = "registry+https://github.com/rust-lang/crates.io-index"
checksum = "902fdfbcf871ae8f653bddf4b2c05905ddaabc08f69d32a915787e3be0d31356"
dependencies = [
 "proc-macro2",
 "quote",
 "serde_derive_internals",
 "syn",
]

[[package]]
name = "serde"
version = "1.0.126"
source = "registry+https://github.com/rust-lang/crates.io-index"
checksum = "ec7505abeacaec74ae4778d9d9328fe5a5d04253220a85c4ee022239fc996d03"
dependencies = [
 "serde_derive",
]

[[package]]
name = "serde-json-wasm"
version = "0.2.3"
source = "registry+https://github.com/rust-lang/crates.io-index"
checksum = "120bad73306616e91acd7ceed522ba96032a51cffeef3cc813de7f367df71e37"
dependencies = [
 "serde",
]

[[package]]
name = "serde-json-wasm"
version = "0.3.1"
source = "registry+https://github.com/rust-lang/crates.io-index"
checksum = "50eef3672ec8fa45f3457fd423ba131117786784a895548021976117c1ded449"
dependencies = [
 "serde",
]

[[package]]
name = "serde_derive"
version = "1.0.126"
source = "registry+https://github.com/rust-lang/crates.io-index"
checksum = "963a7dbc9895aeac7ac90e74f34a5d5261828f79df35cbed41e10189d3804d43"
dependencies = [
 "proc-macro2",
 "quote",
 "syn",
]

[[package]]
name = "serde_derive_internals"
version = "0.25.0"
source = "registry+https://github.com/rust-lang/crates.io-index"
checksum = "1dbab34ca63057a1f15280bdf3c39f2b1eb1b54c17e98360e511637aef7418c6"
dependencies = [
 "proc-macro2",
 "quote",
 "syn",
]

[[package]]
name = "serde_json"
version = "1.0.64"
source = "registry+https://github.com/rust-lang/crates.io-index"
checksum = "799e97dc9fdae36a5c8b8f2cae9ce2ee9fdce2058c57a93e6099d919fd982f79"
dependencies = [
 "itoa",
 "ryu",
 "serde",
]

[[package]]
name = "sha2"
version = "0.9.5"
source = "registry+https://github.com/rust-lang/crates.io-index"
checksum = "b362ae5752fd2137731f9fa25fd4d9058af34666ca1966fb969119cc35719f12"
dependencies = [
 "block-buffer",
 "cfg-if",
 "cpufeatures",
 "digest",
 "opaque-debug",
]

[[package]]
name = "signature"
version = "1.2.2"
source = "registry+https://github.com/rust-lang/crates.io-index"
checksum = "29f060a7d147e33490ec10da418795238fd7545bba241504d6b31a409f2e6210"
dependencies = [
 "digest",
 "rand_core",
]

[[package]]
name = "snafu"
version = "0.6.10"
source = "registry+https://github.com/rust-lang/crates.io-index"
checksum = "eab12d3c261b2308b0d80c26fffb58d17eba81a4be97890101f416b478c79ca7"
dependencies = [
 "backtrace",
 "doc-comment",
 "snafu-derive",
]

[[package]]
name = "snafu-derive"
version = "0.6.10"
source = "registry+https://github.com/rust-lang/crates.io-index"
checksum = "1508efa03c362e23817f96cde18abed596a25219a8b2c66e8db33c03543d315b"
dependencies = [
 "proc-macro2",
 "quote",
 "syn",
]

[[package]]
name = "staking"
version = "0.1.0"
dependencies = [
 "cosmwasm-schema 0.15.2",
 "cosmwasm-std 0.15.2",
 "cosmwasm-storage 0.15.2",
 "cw-storage-plus",
 "cw20 0.7.0",
 "mars",
 "schemars 0.8.3",
 "serde",
 "snafu",
 "terra-cosmwasm 2.1.0",
 "terraswap",
 "thiserror",
]

[[package]]
name = "static_assertions"
version = "1.1.0"
source = "registry+https://github.com/rust-lang/crates.io-index"
checksum = "a2eb9349b6444b326872e140eb1cf5e7c522154d69e7a0ffb0fb81c06b37543f"

[[package]]
name = "subtle"
version = "2.4.1"
source = "registry+https://github.com/rust-lang/crates.io-index"
checksum = "6bdef32e8150c2a081110b42772ffe7d7c9032b606bc226c8260fd97e0976601"

[[package]]
name = "syn"
version = "1.0.74"
source = "registry+https://github.com/rust-lang/crates.io-index"
checksum = "1873d832550d4588c3dbc20f01361ab00bfe741048f71e3fecf145a7cc18b29c"
dependencies = [
 "proc-macro2",
 "quote",
 "unicode-xid",
]

[[package]]
name = "terra-cosmwasm"
version = "1.2.4"
source = "registry+https://github.com/rust-lang/crates.io-index"
checksum = "4d7275aacd385e4f41647634c35692b1982085917b4dcfc1fdfa3984ee4ce45d"
dependencies = [
 "cosmwasm-std 0.10.1",
 "schemars 0.7.6",
 "serde",
]

[[package]]
name = "terra-cosmwasm"
version = "2.1.0"
source = "registry+https://github.com/rust-lang/crates.io-index"
checksum = "10b671bd693e49c7c47b4e0f441bddf922a89add3c8affa6740657dca5be4ca3"
dependencies = [
 "cosmwasm-std 0.15.2",
 "schemars 0.8.3",
 "serde",
]

[[package]]
name = "terraswap"
version = "2.3.0"
source = "registry+https://github.com/rust-lang/crates.io-index"
checksum = "bd8a98e4660692e4f8f6c307e9b4e7d857728184f0df332b1d46328dd638b7f0"
dependencies = [
 "cosmwasm-std 0.15.2",
 "cosmwasm-storage 0.15.2",
 "cw20 0.7.0",
 "schemars 0.8.3",
 "serde",
 "terra-cosmwasm 2.1.0",
]

[[package]]
name = "thiserror"
version = "1.0.26"
source = "registry+https://github.com/rust-lang/crates.io-index"
checksum = "93119e4feac1cbe6c798c34d3a53ea0026b0b1de6a120deef895137c0529bfe2"
dependencies = [
 "thiserror-impl",
]

[[package]]
name = "thiserror-impl"
version = "1.0.26"
source = "registry+https://github.com/rust-lang/crates.io-index"
checksum = "060d69a0afe7796bf42e9e2ff91f5ee691fb15c53d38b4b62a9a53eb23164745"
dependencies = [
 "proc-macro2",
 "quote",
 "syn",
]

[[package]]
name = "treasury"
version = "0.1.0"
dependencies = [
 "cosmwasm-bignumber 2.1.1",
 "cosmwasm-schema 0.15.2",
 "cosmwasm-std 0.15.2",
 "cw-storage-plus",
 "cw20 0.7.0",
 "mars",
 "schemars 0.8.3",
 "serde",
 "snafu",
 "terra-cosmwasm 2.1.0",
]

[[package]]
name = "typenum"
version = "1.13.0"
source = "registry+https://github.com/rust-lang/crates.io-index"
checksum = "879f6906492a7cd215bfa4cf595b600146ccfac0c79bcbd1f3000162af5e8b06"

[[package]]
name = "uint"
version = "0.9.1"
source = "registry+https://github.com/rust-lang/crates.io-index"
checksum = "6470ab50f482bde894a037a57064480a246dbfdd5960bd65a44824693f08da5f"
dependencies = [
 "byteorder",
 "crunchy 0.2.2",
 "hex",
 "static_assertions",
]

[[package]]
name = "unicode-xid"
version = "0.2.2"
source = "registry+https://github.com/rust-lang/crates.io-index"
checksum = "8ccb82d61f80a663efe1f787a51b16b5a51e3314d6ac365b08639f52387b33f3"

[[package]]
name = "version_check"
version = "0.9.3"
source = "registry+https://github.com/rust-lang/crates.io-index"
checksum = "5fecdca9a5291cc2b8dcf7dc02453fee791a280f3743cb0905f8822ae463b3fe"

[[package]]
name = "wasi"
version = "0.9.0+wasi-snapshot-preview1"
source = "registry+https://github.com/rust-lang/crates.io-index"
checksum = "cccddf32554fecc6acb585f82a32a72e28b48f8c4c1883ddfeeeaa96f7d8e519"

[[package]]
name = "wyz"
version = "0.2.0"
source = "registry+https://github.com/rust-lang/crates.io-index"
checksum = "85e60b0d1b5f99db2556934e21937020776a5d31520bf169e851ac44e6420214"

[[package]]
name = "xmars-token"
version = "0.2.0"
dependencies = [
 "cosmwasm-schema 0.10.1",
 "cosmwasm-std 0.10.1",
 "cosmwasm-storage 0.10.1",
 "cw0 0.2.3",
 "cw2",
 "cw20 0.2.3",
 "mars",
 "schemars 0.7.6",
 "serde",
 "snafu",
]

[[package]]
name = "zeroize"
version = "1.4.1"
source = "registry+https://github.com/rust-lang/crates.io-index"
checksum = "377db0846015f7ae377174787dd452e1c5f5a9050bc6f954911d01f116daa0cd"
